
Microsoft Visual Studio Solution File, Format Version 12.00
# Visual Studio 15
VisualStudioVersion = 15.0.27703.2047
MinimumVisualStudioVersion = 10.0.40219.1
Project("{FAE04EC0-301F-11D3-BF4B-00C04F79EFBC}") = "MVVMXamarin.Android", "MVVMXamarin\MVVMXamarin.Android\MVVMXamarin.Android.csproj", "{C8537994-B31C-4CF9-8E35-29C5869745DD}"
EndProject
Project("{FAE04EC0-301F-11D3-BF4B-00C04F79EFBC}") = "MVVMXamarin.iOS", "MVVMXamarin\MVVMXamarin.iOS\MVVMXamarin.iOS.csproj", "{AEC69EB7-8B23-4523-8812-526EF21542F3}"
EndProject
Project("{FAE04EC0-301F-11D3-BF4B-00C04F79EFBC}") = "MVVMXamarin.UWP", "MVVMXamarin\MVVMXamarin.UWP\MVVMXamarin.UWP.csproj", "{4DAC4149-F69C-4FDA-8149-4255AD7E7355}"
EndProject
Project("{D954291E-2A0B-460D-934E-DC6B0785DB48}") = "MVVMXamarin", "MVVMXamarin\MVVMXamarin\MVVMXamarin.shproj", "{DD8CA2F8-68FB-4CAE-B035-564CB576028C}"
EndProject
Global
	GlobalSection(SharedMSBuildProjectFiles) = preSolution
		MVVMXamarin\MVVMXamarin\MVVMXamarin.projitems*{4dac4149-f69c-4fda-8149-4255ad7e7355}*SharedItemsImports = 4
		MVVMXamarin\MVVMXamarin\MVVMXamarin.projitems*{aec69eb7-8b23-4523-8812-526ef21542f3}*SharedItemsImports = 4
		MVVMXamarin\MVVMXamarin\MVVMXamarin.projitems*{c8537994-b31c-4cf9-8e35-29c5869745dd}*SharedItemsImports = 4
		MVVMXamarin\MVVMXamarin\MVVMXamarin.projitems*{dd8ca2f8-68fb-4cae-b035-564cb576028c}*SharedItemsImports = 13
	EndGlobalSection
	GlobalSection(SolutionConfigurationPlatforms) = preSolution
		Ad-Hoc|Any CPU = Ad-Hoc|Any CPU
		Ad-Hoc|ARM = Ad-Hoc|ARM
		Ad-Hoc|iPhone = Ad-Hoc|iPhone
		Ad-Hoc|iPhoneSimulator = Ad-Hoc|iPhoneSimulator
		Ad-Hoc|x64 = Ad-Hoc|x64
		Ad-Hoc|x86 = Ad-Hoc|x86
		AppStore|Any CPU = AppStore|Any CPU
		AppStore|ARM = AppStore|ARM
		AppStore|iPhone = AppStore|iPhone
		AppStore|iPhoneSimulator = AppStore|iPhoneSimulator
		AppStore|x64 = AppStore|x64
		AppStore|x86 = AppStore|x86
		Debug|Any CPU = Debug|Any CPU
		Debug|ARM = Debug|ARM
		Debug|iPhone = Debug|iPhone
		Debug|iPhoneSimulator = Debug|iPhoneSimulator
		Debug|x64 = Debug|x64
		Debug|x86 = Debug|x86
		Release|Any CPU = Release|Any CPU
		Release|ARM = Release|ARM
		Release|iPhone = Release|iPhone
		Release|iPhoneSimulator = Release|iPhoneSimulator
		Release|x64 = Release|x64
		Release|x86 = Release|x86
	EndGlobalSection
	GlobalSection(ProjectConfigurationPlatforms) = postSolution
		{C8537994-B31C-4CF9-8E35-29C5869745DD}.Ad-Hoc|Any CPU.ActiveCfg = Release|Any CPU
		{C8537994-B31C-4CF9-8E35-29C5869745DD}.Ad-Hoc|Any CPU.Build.0 = Release|Any CPU
		{C8537994-B31C-4CF9-8E35-29C5869745DD}.Ad-Hoc|Any CPU.Deploy.0 = Release|Any CPU
		{C8537994-B31C-4CF9-8E35-29C5869745DD}.Ad-Hoc|ARM.ActiveCfg = Release|Any CPU
		{C8537994-B31C-4CF9-8E35-29C5869745DD}.Ad-Hoc|ARM.Build.0 = Release|Any CPU
		{C8537994-B31C-4CF9-8E35-29C5869745DD}.Ad-Hoc|ARM.Deploy.0 = Release|Any CPU
		{C8537994-B31C-4CF9-8E35-29C5869745DD}.Ad-Hoc|iPhone.ActiveCfg = Release|Any CPU
		{C8537994-B31C-4CF9-8E35-29C5869745DD}.Ad-Hoc|iPhone.Build.0 = Release|Any CPU
		{C8537994-B31C-4CF9-8E35-29C5869745DD}.Ad-Hoc|iPhone.Deploy.0 = Release|Any CPU
		{C8537994-B31C-4CF9-8E35-29C5869745DD}.Ad-Hoc|iPhoneSimulator.ActiveCfg = Release|Any CPU
		{C8537994-B31C-4CF9-8E35-29C5869745DD}.Ad-Hoc|iPhoneSimulator.Build.0 = Release|Any CPU
		{C8537994-B31C-4CF9-8E35-29C5869745DD}.Ad-Hoc|iPhoneSimulator.Deploy.0 = Release|Any CPU
		{C8537994-B31C-4CF9-8E35-29C5869745DD}.Ad-Hoc|x64.ActiveCfg = Release|Any CPU
		{C8537994-B31C-4CF9-8E35-29C5869745DD}.Ad-Hoc|x64.Build.0 = Release|Any CPU
		{C8537994-B31C-4CF9-8E35-29C5869745DD}.Ad-Hoc|x64.Deploy.0 = Release|Any CPU
		{C8537994-B31C-4CF9-8E35-29C5869745DD}.Ad-Hoc|x86.ActiveCfg = Release|Any CPU
		{C8537994-B31C-4CF9-8E35-29C5869745DD}.Ad-Hoc|x86.Build.0 = Release|Any CPU
		{C8537994-B31C-4CF9-8E35-29C5869745DD}.Ad-Hoc|x86.Deploy.0 = Release|Any CPU
		{C8537994-B31C-4CF9-8E35-29C5869745DD}.AppStore|Any CPU.ActiveCfg = Release|Any CPU
		{C8537994-B31C-4CF9-8E35-29C5869745DD}.AppStore|Any CPU.Build.0 = Release|Any CPU
		{C8537994-B31C-4CF9-8E35-29C5869745DD}.AppStore|Any CPU.Deploy.0 = Release|Any CPU
		{C8537994-B31C-4CF9-8E35-29C5869745DD}.AppStore|ARM.ActiveCfg = Release|Any CPU
		{C8537994-B31C-4CF9-8E35-29C5869745DD}.AppStore|ARM.Build.0 = Release|Any CPU
		{C8537994-B31C-4CF9-8E35-29C5869745DD}.AppStore|ARM.Deploy.0 = Release|Any CPU
		{C8537994-B31C-4CF9-8E35-29C5869745DD}.AppStore|iPhone.ActiveCfg = Release|Any CPU
		{C8537994-B31C-4CF9-8E35-29C5869745DD}.AppStore|iPhone.Build.0 = Release|Any CPU
		{C8537994-B31C-4CF9-8E35-29C5869745DD}.AppStore|iPhone.Deploy.0 = Release|Any CPU
		{C8537994-B31C-4CF9-8E35-29C5869745DD}.AppStore|iPhoneSimulator.ActiveCfg = Release|Any CPU
		{C8537994-B31C-4CF9-8E35-29C5869745DD}.AppStore|iPhoneSimulator.Build.0 = Release|Any CPU
		{C8537994-B31C-4CF9-8E35-29C5869745DD}.AppStore|iPhoneSimulator.Deploy.0 = Release|Any CPU
		{C8537994-B31C-4CF9-8E35-29C5869745DD}.AppStore|x64.ActiveCfg = Release|Any CPU
		{C8537994-B31C-4CF9-8E35-29C5869745DD}.AppStore|x64.Build.0 = Release|Any CPU
		{C8537994-B31C-4CF9-8E35-29C5869745DD}.AppStore|x64.Deploy.0 = Release|Any CPU
		{C8537994-B31C-4CF9-8E35-29C5869745DD}.AppStore|x86.ActiveCfg = Release|Any CPU
		{C8537994-B31C-4CF9-8E35-29C5869745DD}.AppStore|x86.Build.0 = Release|Any CPU
		{C8537994-B31C-4CF9-8E35-29C5869745DD}.AppStore|x86.Deploy.0 = Release|Any CPU
		{C8537994-B31C-4CF9-8E35-29C5869745DD}.Debug|Any CPU.ActiveCfg = Debug|Any CPU
		{C8537994-B31C-4CF9-8E35-29C5869745DD}.Debug|Any CPU.Build.0 = Debug|Any CPU
		{C8537994-B31C-4CF9-8E35-29C5869745DD}.Debug|Any CPU.Deploy.0 = Debug|Any CPU
		{C8537994-B31C-4CF9-8E35-29C5869745DD}.Debug|ARM.ActiveCfg = Debug|Any CPU
		{C8537994-B31C-4CF9-8E35-29C5869745DD}.Debug|ARM.Build.0 = Debug|Any CPU
		{C8537994-B31C-4CF9-8E35-29C5869745DD}.Debug|ARM.Deploy.0 = Debug|Any CPU
		{C8537994-B31C-4CF9-8E35-29C5869745DD}.Debug|iPhone.ActiveCfg = Debug|Any CPU
		{C8537994-B31C-4CF9-8E35-29C5869745DD}.Debug|iPhone.Build.0 = Debug|Any CPU
		{C8537994-B31C-4CF9-8E35-29C5869745DD}.Debug|iPhone.Deploy.0 = Debug|Any CPU
		{C8537994-B31C-4CF9-8E35-29C5869745DD}.Debug|iPhoneSimulator.ActiveCfg = Debug|Any CPU
		{C8537994-B31C-4CF9-8E35-29C5869745DD}.Debug|iPhoneSimulator.Build.0 = Debug|Any CPU
		{C8537994-B31C-4CF9-8E35-29C5869745DD}.Debug|iPhoneSimulator.Deploy.0 = Debug|Any CPU
		{C8537994-B31C-4CF9-8E35-29C5869745DD}.Debug|x64.ActiveCfg = Debug|Any CPU
		{C8537994-B31C-4CF9-8E35-29C5869745DD}.Debug|x64.Build.0 = Debug|Any CPU
		{C8537994-B31C-4CF9-8E35-29C5869745DD}.Debug|x64.Deploy.0 = Debug|Any CPU
		{C8537994-B31C-4CF9-8E35-29C5869745DD}.Debug|x86.ActiveCfg = Debug|Any CPU
		{C8537994-B31C-4CF9-8E35-29C5869745DD}.Debug|x86.Build.0 = Debug|Any CPU
		{C8537994-B31C-4CF9-8E35-29C5869745DD}.Debug|x86.Deploy.0 = Debug|Any CPU
		{C8537994-B31C-4CF9-8E35-29C5869745DD}.Release|Any CPU.ActiveCfg = Release|Any CPU
		{C8537994-B31C-4CF9-8E35-29C5869745DD}.Release|Any CPU.Build.0 = Release|Any CPU
		{C8537994-B31C-4CF9-8E35-29C5869745DD}.Release|Any CPU.Deploy.0 = Release|Any CPU
		{C8537994-B31C-4CF9-8E35-29C5869745DD}.Release|ARM.ActiveCfg = Release|Any CPU
		{C8537994-B31C-4CF9-8E35-29C5869745DD}.Release|ARM.Build.0 = Release|Any CPU
		{C8537994-B31C-4CF9-8E35-29C5869745DD}.Release|ARM.Deploy.0 = Release|Any CPU
		{C8537994-B31C-4CF9-8E35-29C5869745DD}.Release|iPhone.ActiveCfg = Release|Any CPU
		{C8537994-B31C-4CF9-8E35-29C5869745DD}.Release|iPhone.Build.0 = Release|Any CPU
		{C8537994-B31C-4CF9-8E35-29C5869745DD}.Release|iPhone.Deploy.0 = Release|Any CPU
		{C8537994-B31C-4CF9-8E35-29C5869745DD}.Release|iPhoneSimulator.ActiveCfg = Release|Any CPU
		{C8537994-B31C-4CF9-8E35-29C5869745DD}.Release|iPhoneSimulator.Build.0 = Release|Any CPU
		{C8537994-B31C-4CF9-8E35-29C5869745DD}.Release|iPhoneSimulator.Deploy.0 = Release|Any CPU
		{C8537994-B31C-4CF9-8E35-29C5869745DD}.Release|x64.ActiveCfg = Release|Any CPU
		{C8537994-B31C-4CF9-8E35-29C5869745DD}.Release|x64.Build.0 = Release|Any CPU
		{C8537994-B31C-4CF9-8E35-29C5869745DD}.Release|x64.Deploy.0 = Release|Any CPU
		{C8537994-B31C-4CF9-8E35-29C5869745DD}.Release|x86.ActiveCfg = Release|Any CPU
		{C8537994-B31C-4CF9-8E35-29C5869745DD}.Release|x86.Build.0 = Release|Any CPU
		{C8537994-B31C-4CF9-8E35-29C5869745DD}.Release|x86.Deploy.0 = Release|Any CPU
		{AEC69EB7-8B23-4523-8812-526EF21542F3}.Ad-Hoc|Any CPU.ActiveCfg = Ad-Hoc|iPhone
		{AEC69EB7-8B23-4523-8812-526EF21542F3}.Ad-Hoc|Any CPU.Build.0 = Ad-Hoc|iPhone
		{AEC69EB7-8B23-4523-8812-526EF21542F3}.Ad-Hoc|Any CPU.Deploy.0 = Ad-Hoc|iPhone
		{AEC69EB7-8B23-4523-8812-526EF21542F3}.Ad-Hoc|ARM.ActiveCfg = Ad-Hoc|iPhone
		{AEC69EB7-8B23-4523-8812-526EF21542F3}.Ad-Hoc|ARM.Build.0 = Ad-Hoc|iPhone
		{AEC69EB7-8B23-4523-8812-526EF21542F3}.Ad-Hoc|ARM.Deploy.0 = Ad-Hoc|iPhone
		{AEC69EB7-8B23-4523-8812-526EF21542F3}.Ad-Hoc|iPhone.ActiveCfg = Ad-Hoc|iPhone
		{AEC69EB7-8B23-4523-8812-526EF21542F3}.Ad-Hoc|iPhone.Build.0 = Ad-Hoc|iPhone
		{AEC69EB7-8B23-4523-8812-526EF21542F3}.Ad-Hoc|iPhone.Deploy.0 = Ad-Hoc|iPhone
		{AEC69EB7-8B23-4523-8812-526EF21542F3}.Ad-Hoc|iPhoneSimulator.ActiveCfg = Ad-Hoc|iPhoneSimulator
		{AEC69EB7-8B23-4523-8812-526EF21542F3}.Ad-Hoc|iPhoneSimulator.Build.0 = Ad-Hoc|iPhoneSimulator
		{AEC69EB7-8B23-4523-8812-526EF21542F3}.Ad-Hoc|iPhoneSimulator.Deploy.0 = Ad-Hoc|iPhoneSimulator
		{AEC69EB7-8B23-4523-8812-526EF21542F3}.Ad-Hoc|x64.ActiveCfg = Ad-Hoc|iPhone
		{AEC69EB7-8B23-4523-8812-526EF21542F3}.Ad-Hoc|x64.Build.0 = Ad-Hoc|iPhone
		{AEC69EB7-8B23-4523-8812-526EF21542F3}.Ad-Hoc|x64.Deploy.0 = Ad-Hoc|iPhone
		{AEC69EB7-8B23-4523-8812-526EF21542F3}.Ad-Hoc|x86.ActiveCfg = Ad-Hoc|iPhone
		{AEC69EB7-8B23-4523-8812-526EF21542F3}.Ad-Hoc|x86.Build.0 = Ad-Hoc|iPhone
		{AEC69EB7-8B23-4523-8812-526EF21542F3}.Ad-Hoc|x86.Deploy.0 = Ad-Hoc|iPhone
		{AEC69EB7-8B23-4523-8812-526EF21542F3}.AppStore|Any CPU.ActiveCfg = AppStore|iPhone
		{AEC69EB7-8B23-4523-8812-526EF21542F3}.AppStore|Any CPU.Build.0 = AppStore|iPhone
		{AEC69EB7-8B23-4523-8812-526EF21542F3}.AppStore|Any CPU.Deploy.0 = AppStore|iPhone
		{AEC69EB7-8B23-4523-8812-526EF21542F3}.AppStore|ARM.ActiveCfg = AppStore|iPhone
		{AEC69EB7-8B23-4523-8812-526EF21542F3}.AppStore|ARM.Build.0 = AppStore|iPhone
		{AEC69EB7-8B23-4523-8812-526EF21542F3}.AppStore|ARM.Deploy.0 = AppStore|iPhone
		{AEC69EB7-8B23-4523-8812-526EF21542F3}.AppStore|iPhone.ActiveCfg = AppStore|iPhone
		{AEC69EB7-8B23-4523-8812-526EF21542F3}.AppStore|iPhone.Build.0 = AppStore|iPhone
		{AEC69EB7-8B23-4523-8812-526EF21542F3}.AppStore|iPhone.Deploy.0 = AppStore|iPhone
		{AEC69EB7-8B23-4523-8812-526EF21542F3}.AppStore|iPhoneSimulator.ActiveCfg = AppStore|iPhoneSimulator
		{AEC69EB7-8B23-4523-8812-526EF21542F3}.AppStore|iPhoneSimulator.Build.0 = AppStore|iPhoneSimulator
		{AEC69EB7-8B23-4523-8812-526EF21542F3}.AppStore|iPhoneSimulator.Deploy.0 = AppStore|iPhoneSimulator
		{AEC69EB7-8B23-4523-8812-526EF21542F3}.AppStore|x64.ActiveCfg = AppStore|iPhone
		{AEC69EB7-8B23-4523-8812-526EF21542F3}.AppStore|x64.Build.0 = AppStore|iPhone
		{AEC69EB7-8B23-4523-8812-526EF21542F3}.AppStore|x64.Deploy.0 = AppStore|iPhone
		{AEC69EB7-8B23-4523-8812-526EF21542F3}.AppStore|x86.ActiveCfg = AppStore|iPhone
		{AEC69EB7-8B23-4523-8812-526EF21542F3}.AppStore|x86.Build.0 = AppStore|iPhone
		{AEC69EB7-8B23-4523-8812-526EF21542F3}.AppStore|x86.Deploy.0 = AppStore|iPhone
		{AEC69EB7-8B23-4523-8812-526EF21542F3}.Debug|Any CPU.ActiveCfg = Debug|iPhoneSimulator
		{AEC69EB7-8B23-4523-8812-526EF21542F3}.Debug|Any CPU.Build.0 = Debug|iPhoneSimulator
		{AEC69EB7-8B23-4523-8812-526EF21542F3}.Debug|Any CPU.Deploy.0 = Debug|iPhoneSimulator
		{AEC69EB7-8B23-4523-8812-526EF21542F3}.Debug|ARM.ActiveCfg = Debug|iPhone
		{AEC69EB7-8B23-4523-8812-526EF21542F3}.Debug|ARM.Build.0 = Debug|iPhone
		{AEC69EB7-8B23-4523-8812-526EF21542F3}.Debug|ARM.Deploy.0 = Debug|iPhone
		{AEC69EB7-8B23-4523-8812-526EF21542F3}.Debug|iPhone.ActiveCfg = Debug|iPhone
		{AEC69EB7-8B23-4523-8812-526EF21542F3}.Debug|iPhone.Build.0 = Debug|iPhone
		{AEC69EB7-8B23-4523-8812-526EF21542F3}.Debug|iPhone.Deploy.0 = Debug|iPhone
		{AEC69EB7-8B23-4523-8812-526EF21542F3}.Debug|iPhoneSimulator.ActiveCfg = Debug|iPhoneSimulator
		{AEC69EB7-8B23-4523-8812-526EF21542F3}.Debug|iPhoneSimulator.Build.0 = Debug|iPhoneSimulator
		{AEC69EB7-8B23-4523-8812-526EF21542F3}.Debug|iPhoneSimulator.Deploy.0 = Debug|iPhoneSimulator
		{AEC69EB7-8B23-4523-8812-526EF21542F3}.Debug|x64.ActiveCfg = Debug|iPhone
		{AEC69EB7-8B23-4523-8812-526EF21542F3}.Debug|x64.Build.0 = Debug|iPhone
		{AEC69EB7-8B23-4523-8812-526EF21542F3}.Debug|x64.Deploy.0 = Debug|iPhone
		{AEC69EB7-8B23-4523-8812-526EF21542F3}.Debug|x86.ActiveCfg = Debug|iPhone
		{AEC69EB7-8B23-4523-8812-526EF21542F3}.Debug|x86.Build.0 = Debug|iPhone
		{AEC69EB7-8B23-4523-8812-526EF21542F3}.Debug|x86.Deploy.0 = Debug|iPhone
		{AEC69EB7-8B23-4523-8812-526EF21542F3}.Release|Any CPU.ActiveCfg = Release|iPhone
		{AEC69EB7-8B23-4523-8812-526EF21542F3}.Release|Any CPU.Build.0 = Release|iPhone
		{AEC69EB7-8B23-4523-8812-526EF21542F3}.Release|Any CPU.Deploy.0 = Release|iPhone
		{AEC69EB7-8B23-4523-8812-526EF21542F3}.Release|ARM.ActiveCfg = Release|iPhone
		{AEC69EB7-8B23-4523-8812-526EF21542F3}.Release|ARM.Build.0 = Release|iPhone
		{AEC69EB7-8B23-4523-8812-526EF21542F3}.Release|ARM.Deploy.0 = Release|iPhone
		{AEC69EB7-8B23-4523-8812-526EF21542F3}.Release|iPhone.ActiveCfg = Release|iPhone
		{AEC69EB7-8B23-4523-8812-526EF21542F3}.Release|iPhone.Build.0 = Release|iPhone
		{AEC69EB7-8B23-4523-8812-526EF21542F3}.Release|iPhone.Deploy.0 = Release|iPhone
		{AEC69EB7-8B23-4523-8812-526EF21542F3}.Release|iPhoneSimulator.ActiveCfg = Release|iPhoneSimulator
		{AEC69EB7-8B23-4523-8812-526EF21542F3}.Release|iPhoneSimulator.Build.0 = Release|iPhoneSimulator
		{AEC69EB7-8B23-4523-8812-526EF21542F3}.Release|iPhoneSimulator.Deploy.0 = Release|iPhoneSimulator
		{AEC69EB7-8B23-4523-8812-526EF21542F3}.Release|x64.ActiveCfg = Release|iPhone
		{AEC69EB7-8B23-4523-8812-526EF21542F3}.Release|x64.Build.0 = Release|iPhone
		{AEC69EB7-8B23-4523-8812-526EF21542F3}.Release|x64.Deploy.0 = Release|iPhone
		{AEC69EB7-8B23-4523-8812-526EF21542F3}.Release|x86.ActiveCfg = Release|iPhone
		{AEC69EB7-8B23-4523-8812-526EF21542F3}.Release|x86.Build.0 = Release|iPhone
		{AEC69EB7-8B23-4523-8812-526EF21542F3}.Release|x86.Deploy.0 = Release|iPhone
		{4DAC4149-F69C-4FDA-8149-4255AD7E7355}.Ad-Hoc|Any CPU.ActiveCfg = Release|x86
		{4DAC4149-F69C-4FDA-8149-4255AD7E7355}.Ad-Hoc|Any CPU.Build.0 = Release|x86
		{4DAC4149-F69C-4FDA-8149-4255AD7E7355}.Ad-Hoc|Any CPU.Deploy.0 = Release|x86
		{4DAC4149-F69C-4FDA-8149-4255AD7E7355}.Ad-Hoc|ARM.ActiveCfg = Release|ARM
		{4DAC4149-F69C-4FDA-8149-4255AD7E7355}.Ad-Hoc|ARM.Build.0 = Release|ARM
		{4DAC4149-F69C-4FDA-8149-4255AD7E7355}.Ad-Hoc|ARM.Deploy.0 = Release|ARM
		{4DAC4149-F69C-4FDA-8149-4255AD7E7355}.Ad-Hoc|iPhone.ActiveCfg = Release|x86
		{4DAC4149-F69C-4FDA-8149-4255AD7E7355}.Ad-Hoc|iPhone.Build.0 = Release|x86
		{4DAC4149-F69C-4FDA-8149-4255AD7E7355}.Ad-Hoc|iPhone.Deploy.0 = Release|x86
		{4DAC4149-F69C-4FDA-8149-4255AD7E7355}.Ad-Hoc|iPhoneSimulator.ActiveCfg = Release|x86
		{4DAC4149-F69C-4FDA-8149-4255AD7E7355}.Ad-Hoc|iPhoneSimulator.Build.0 = Release|x86
		{4DAC4149-F69C-4FDA-8149-4255AD7E7355}.Ad-Hoc|iPhoneSimulator.Deploy.0 = Release|x86
		{4DAC4149-F69C-4FDA-8149-4255AD7E7355}.Ad-Hoc|x64.ActiveCfg = Release|x64
		{4DAC4149-F69C-4FDA-8149-4255AD7E7355}.Ad-Hoc|x64.Build.0 = Release|x64
		{4DAC4149-F69C-4FDA-8149-4255AD7E7355}.Ad-Hoc|x64.Deploy.0 = Release|x64
		{4DAC4149-F69C-4FDA-8149-4255AD7E7355}.Ad-Hoc|x86.ActiveCfg = Release|x86
		{4DAC4149-F69C-4FDA-8149-4255AD7E7355}.Ad-Hoc|x86.Build.0 = Release|x86
		{4DAC4149-F69C-4FDA-8149-4255AD7E7355}.Ad-Hoc|x86.Deploy.0 = Release|x86
		{4DAC4149-F69C-4FDA-8149-4255AD7E7355}.AppStore|Any CPU.ActiveCfg = Release|x86
		{4DAC4149-F69C-4FDA-8149-4255AD7E7355}.AppStore|Any CPU.Build.0 = Release|x86
		{4DAC4149-F69C-4FDA-8149-4255AD7E7355}.AppStore|Any CPU.Deploy.0 = Release|x86
		{4DAC4149-F69C-4FDA-8149-4255AD7E7355}.AppStore|ARM.ActiveCfg = Release|ARM
		{4DAC4149-F69C-4FDA-8149-4255AD7E7355}.AppStore|ARM.Build.0 = Release|ARM
		{4DAC4149-F69C-4FDA-8149-4255AD7E7355}.AppStore|ARM.Deploy.0 = Release|ARM
		{4DAC4149-F69C-4FDA-8149-4255AD7E7355}.AppStore|iPhone.ActiveCfg = Release|x86
		{4DAC4149-F69C-4FDA-8149-4255AD7E7355}.AppStore|iPhone.Build.0 = Release|x86
		{4DAC4149-F69C-4FDA-8149-4255AD7E7355}.AppStore|iPhone.Deploy.0 = Release|x86
		{4DAC4149-F69C-4FDA-8149-4255AD7E7355}.AppStore|iPhoneSimulator.ActiveCfg = Release|x86
		{4DAC4149-F69C-4FDA-8149-4255AD7E7355}.AppStore|iPhoneSimulator.Build.0 = Release|x86
		{4DAC4149-F69C-4FDA-8149-4255AD7E7355}.AppStore|iPhoneSimulator.Deploy.0 = Release|x86
		{4DAC4149-F69C-4FDA-8149-4255AD7E7355}.AppStore|x64.ActiveCfg = Release|x64
		{4DAC4149-F69C-4FDA-8149-4255AD7E7355}.AppStore|x64.Build.0 = Release|x64
		{4DAC4149-F69C-4FDA-8149-4255AD7E7355}.AppStore|x64.Deploy.0 = Release|x64
		{4DAC4149-F69C-4FDA-8149-4255AD7E7355}.AppStore|x86.ActiveCfg = Release|x86
		{4DAC4149-F69C-4FDA-8149-4255AD7E7355}.AppStore|x86.Build.0 = Release|x86
		{4DAC4149-F69C-4FDA-8149-4255AD7E7355}.AppStore|x86.Deploy.0 = Release|x86
		{4DAC4149-F69C-4FDA-8149-4255AD7E7355}.Debug|Any CPU.ActiveCfg = Debug|x86
		{4DAC4149-F69C-4FDA-8149-4255AD7E7355}.Debug|Any CPU.Build.0 = Debug|x86
		{4DAC4149-F69C-4FDA-8149-4255AD7E7355}.Debug|Any CPU.Deploy.0 = Debug|x86
		{4DAC4149-F69C-4FDA-8149-4255AD7E7355}.Debug|ARM.ActiveCfg = Debug|ARM
		{4DAC4149-F69C-4FDA-8149-4255AD7E7355}.Debug|ARM.Build.0 = Debug|ARM
		{4DAC4149-F69C-4FDA-8149-4255AD7E7355}.Debug|ARM.Deploy.0 = Debug|ARM
		{4DAC4149-F69C-4FDA-8149-4255AD7E7355}.Debug|iPhone.ActiveCfg = Debug|x86
		{4DAC4149-F69C-4FDA-8149-4255AD7E7355}.Debug|iPhone.Build.0 = Debug|x86
		{4DAC4149-F69C-4FDA-8149-4255AD7E7355}.Debug|iPhone.Deploy.0 = Debug|x86
		{4DAC4149-F69C-4FDA-8149-4255AD7E7355}.Debug|iPhoneSimulator.ActiveCfg = Debug|x86
		{4DAC4149-F69C-4FDA-8149-4255AD7E7355}.Debug|iPhoneSimulator.Build.0 = Debug|x86
		{4DAC4149-F69C-4FDA-8149-4255AD7E7355}.Debug|iPhoneSimulator.Deploy.0 = Debug|x86
		{4DAC4149-F69C-4FDA-8149-4255AD7E7355}.Debug|x64.ActiveCfg = Debug|x64
		{4DAC4149-F69C-4FDA-8149-4255AD7E7355}.Debug|x64.Build.0 = Debug|x64
		{4DAC4149-F69C-4FDA-8149-4255AD7E7355}.Debug|x64.Deploy.0 = Debug|x64
		{4DAC4149-F69C-4FDA-8149-4255AD7E7355}.Debug|x86.ActiveCfg = Debug|x86
		{4DAC4149-F69C-4FDA-8149-4255AD7E7355}.Debug|x86.Build.0 = Debug|x86
		{4DAC4149-F69C-4FDA-8149-4255AD7E7355}.Debug|x86.Deploy.0 = Debug|x86
		{4DAC4149-F69C-4FDA-8149-4255AD7E7355}.Release|Any CPU.ActiveCfg = Release|x86
		{4DAC4149-F69C-4FDA-8149-4255AD7E7355}.Release|Any CPU.Build.0 = Release|x86
		{4DAC4149-F69C-4FDA-8149-4255AD7E7355}.Release|Any CPU.Deploy.0 = Release|x86
		{4DAC4149-F69C-4FDA-8149-4255AD7E7355}.Release|ARM.ActiveCfg = Release|ARM
		{4DAC4149-F69C-4FDA-8149-4255AD7E7355}.Release|ARM.Build.0 = Release|ARM
		{4DAC4149-F69C-4FDA-8149-4255AD7E7355}.Release|ARM.Deploy.0 = Release|ARM
		{4DAC4149-F69C-4FDA-8149-4255AD7E7355}.Release|iPhone.ActiveCfg = Release|x86
		{4DAC4149-F69C-4FDA-8149-4255AD7E7355}.Release|iPhone.Build.0 = Release|x86
		{4DAC4149-F69C-4FDA-8149-4255AD7E7355}.Release|iPhone.Deploy.0 = Release|x86
		{4DAC4149-F69C-4FDA-8149-4255AD7E7355}.Release|iPhoneSimulator.ActiveCfg = Release|x86
		{4DAC4149-F69C-4FDA-8149-4255AD7E7355}.Release|iPhoneSimulator.Build.0 = Release|x86
		{4DAC4149-F69C-4FDA-8149-4255AD7E7355}.Release|iPhoneSimulator.Deploy.0 = Release|x86
		{4DAC4149-F69C-4FDA-8149-4255AD7E7355}.Release|x64.ActiveCfg = Release|x64
		{4DAC4149-F69C-4FDA-8149-4255AD7E7355}.Release|x64.Build.0 = Release|x64
		{4DAC4149-F69C-4FDA-8149-4255AD7E7355}.Release|x64.Deploy.0 = Release|x64
		{4DAC4149-F69C-4FDA-8149-4255AD7E7355}.Release|x86.ActiveCfg = Release|x86
		{4DAC4149-F69C-4FDA-8149-4255AD7E7355}.Release|x86.Build.0 = Release|x86
		{4DAC4149-F69C-4FDA-8149-4255AD7E7355}.Release|x86.Deploy.0 = Release|x86
	EndGlobalSection
	GlobalSection(SolutionProperties) = preSolution
		HideSolutionNode = FALSE
	EndGlobalSection
	GlobalSection(ExtensibilityGlobals) = postSolution
		SolutionGuid = {3DDF2C7B-3399-442A-88C8-6BAA79E95A87}
	EndGlobalSection
EndGlobal
